
Microsoft Visual Studio Solution File, Format Version 12.00
# Visual Studio Version 17
VisualStudioVersion = 17.14.37027.9 d17.14
MinimumVisualStudioVersion = 10.0.40219.1
Project("{FAE04EC0-301F-11D3-BF4B-00C04F79EFBC}") = "DesignPatternChallenge_State", "DesignPatternChallenge_State\DesignPatternChallenge_State.csproj", "{32760F12-EF79-4D1D-9454-BA28A6030F0B}"
EndProject
Global
	GlobalSection(SolutionConfigurationPlatforms) = preSolution
		Debug|Any CPU = Debug|Any CPU
		Release|Any CPU = Release|Any CPU
	EndGlobalSection
	GlobalSection(ProjectConfigurationPlatforms) = postSolution
		{32760F12-EF79-4D1D-9454-BA28A6030F0B}.Debug|Any CPU.ActiveCfg = Debug|Any CPU
		{32760F12-EF79-4D1D-9454-BA28A6030F0B}.Debug|Any CPU.Build.0 = Debug|Any CPU
		{32760F12-EF79-4D1D-9454-BA28A6030F0B}.Release|Any CPU.ActiveCfg = Release|Any CPU
		{32760F12-EF79-4D1D-9454-BA28A6030F0B}.Release|Any CPU.Build.0 = Release|Any CPU
	EndGlobalSection
	GlobalSection(SolutionProperties) = preSolution
		HideSolutionNode = FALSE
	EndGlobalSection
	GlobalSection(ExtensibilityGlobals) = postSolution
		SolutionGuid = {A41921B0-282B-4B8B-BCE5-93D57866ED20}
	EndGlobalSection
EndGlobal
